
Microsoft Visual Studio Solution File, Format Version 12.00
# Visual Studio Version 17
VisualStudioVersion = 17.0.31808.319
MinimumVisualStudioVersion = 10.0.40219.1
Project("{9A19103F-16F7-4668-BE54-9A1E7A4F7556}") = "Payment.API", "Payment.API\Payment.API.csproj", "{3B188348-0937-455D-9F2F-5D8B247CA37A}"
EndProject
Project("{9A19103F-16F7-4668-BE54-9A1E7A4F7556}") = "Payment", "Payment\Payment.csproj", "{F908095F-C8EE-44BE-9B3B-DEB24B0183C7}"
EndProject
Project("{9A19103F-16F7-4668-BE54-9A1E7A4F7556}") = "Payment.Tests", "Payment.Tests\Payment.Tests.csproj", "{7AA4FFA2-E90C-4267-A261-0F51B18A1DF4}"
EndProject
Project("{9A19103F-16F7-4668-BE54-9A1E7A4F7556}") = "Payment.Server", "Payment.Server\Payment.Server.csproj", "{B9EB15F0-AC42-45B2-A633-10B895833A78}"
EndProject
Project("{9A19103F-16F7-4668-BE54-9A1E7A4F7556}") = "Payment.Client", "Payment.Client\Payment.Client.csproj", "{A1755AC6-565D-47F0-9F88-219DE9ECF715}"
EndProject
Project("{9A19103F-16F7-4668-BE54-9A1E7A4F7556}") = "Payment.Contracts", "Payment.Contracts\Payment.Contracts.csproj", "{30C48DE8-3A89-4A7A-A093-CFCE996B1656}"
EndProject
Project("{9A19103F-16F7-4668-BE54-9A1E7A4F7556}") = "Payment.Historical.Server", "Payment.Historical.Server\Payment.Historical.Server.csproj", "{F258E447-578E-4A9D-9767-8334A5128FEC}"
EndProject
Project("{E53339B2-1760-4266-BCC7-CA923CBCF16C}") = "docker-compose", "docker-compose.dcproj", "{59E0CCF4-00E5-40BD-8AEC-DA6DF15F8A87}"
EndProject
Project("{9A19103F-16F7-4668-BE54-9A1E7A4F7556}") = "Payment.API.Tests", "Payment.API.Tests\Payment.API.Tests.csproj", "{EE095FDB-32EA-48AA-93F1-74552974ABF6}"
EndProject
Project("{9A19103F-16F7-4668-BE54-9A1E7A4F7556}") = "Payment.Server.Tests", "Payment.Server.Tests\Payment.Server.Tests.csproj", "{E4AE1EB0-88D3-4CED-9913-58263554323E}"
EndProject
Project("{9A19103F-16F7-4668-BE54-9A1E7A4F7556}") = "DateUtils", "DateUtils\DateUtils.csproj", "{0C2A2425-4DEE-4224-819A-BD840C9FC3FF}"
EndProject
Project("{9A19103F-16F7-4668-BE54-9A1E7A4F7556}") = "Domain", "Domain\Domain.csproj", "{E97469A3-E757-4A25-8AE8-5DD9D7CAABDE}"
EndProject
Project("{9A19103F-16F7-4668-BE54-9A1E7A4F7556}") = "Serialization", "Serialization\Serialization.csproj", "{67BB76DA-386C-43ED-A09B-A9E40B1AD9BB}"
EndProject
Project("{2150E333-8FDC-42A3-9474-1A3956D46DE8}") = "SolutionItems", "SolutionItems", "{FAE64C36-99E3-4D09-B888-274363A179DE}"
	ProjectSection(SolutionItems) = preProject
		.gitattributes = .gitattributes
		.gitignore = .gitignore
		Directory.Build.props = Directory.Build.props
	EndProjectSection
EndProject
Project("{9A19103F-16F7-4668-BE54-9A1E7A4F7556}") = "Domain.EventSourcing", "Domain.EventSourcing\Domain.EventSourcing.csproj", "{E680700E-3AE1-4ED8-B0D4-FC8716E5492C}"
EndProject
Project("{9A19103F-16F7-4668-BE54-9A1E7A4F7556}") = "ClusterUtils", "ClusterUtils\ClusterUtils.csproj", "{3DF81908-73AA-41BC-98B4-AA216BC7E31E}"
EndProject
Project("{9A19103F-16F7-4668-BE54-9A1E7A4F7556}") = "ServerUtils", "ServerUtils\ServerUtils.csproj", "{2BB1A0CB-48B9-48D9-819A-D5550BA702C4}"
EndProject
Project("{9A19103F-16F7-4668-BE54-9A1E7A4F7556}") = "DistributedQueue", "DistributedQueue\DistributedQueue.csproj", "{5C227705-E989-417D-813D-B48BA77723AD}"
EndProject
Project("{9A19103F-16F7-4668-BE54-9A1E7A4F7556}") = "HostingUtils", "HostingUtils\HostingUtils.csproj", "{1F4D8AE7-00A5-4588-BFB3-31E81575D6AC}"
EndProject
Project("{9A19103F-16F7-4668-BE54-9A1E7A4F7556}") = "Logging", "Logging\Logging.csproj", "{FE9E9A6F-E176-4082-B02D-4E08D9234E0F}"
EndProject
Project("{9A19103F-16F7-4668-BE54-9A1E7A4F7556}") = "ServerConfiguration", "ServerConfiguration\ServerConfiguration.csproj", "{398F0C06-2CDE-4C6F-8A98-16FB089065B2}"
EndProject
Project("{9A19103F-16F7-4668-BE54-9A1E7A4F7556}") = "WebServerHostingUtils", "WebServerHostingUtils\WebServerHostingUtils.csproj", "{BBDE0D09-A36F-4669-B130-9D2868FAC7C4}"
EndProject
Project("{9A19103F-16F7-4668-BE54-9A1E7A4F7556}") = "DataAccess", "DataAccess\DataAccess.csproj", "{AAC6B4AF-0EFF-48D8-A0FE-5813399C618B}"
EndProject
Project("{9A19103F-16F7-4668-BE54-9A1E7A4F7556}") = "EventBus", "EventBus\EventBus.csproj", "{44D94AB2-0201-4E9F-9745-6B194C5EFCC1}"
EndProject
Project("{9A19103F-16F7-4668-BE54-9A1E7A4F7556}") = "DataAccess.Common", "DataAccess.Common\DataAccess.Common.csproj", "{F84FDCBA-1F41-4563-AD46-32C2DE1834CD}"
EndProject
Project("{9A19103F-16F7-4668-BE54-9A1E7A4F7556}") = "Backend.Shared", "Backend.Shared\Backend.Shared.csproj", "{F8D73940-4865-4FDA-A150-03CEF3E616B5}"
EndProject
Project("{9A19103F-16F7-4668-BE54-9A1E7A4F7556}") = "Backend", "Backend\Backend.csproj", "{928CBE05-D59A-4C50-8414-707E0F016E00}"
EndProject
Project("{2150E333-8FDC-42A3-9474-1A3956D46DE8}") = "Payments", "Payments", "{353DD2DE-91A6-41C5-AF77-A08576821CD3}"
EndProject
Project("{2150E333-8FDC-42A3-9474-1A3956D46DE8}") = "Shared", "Shared", "{9123416A-7858-408D-8A46-A091ED2EFADB}"
EndProject
Project("{9A19103F-16F7-4668-BE54-9A1E7A4F7556}") = "Backend.Contracts", "Backend.Contracts\Backend.Contracts.csproj", "{5D48C241-07C0-45B1-81F2-6875AE6D35DA}"
EndProject
Project("{FAE04EC0-301F-11D3-BF4B-00C04F79EFBC}") = "Payment.Historical.Server.Tests", "..\Payment.Historical.Server.Tests\Payment.Historical.Server.Tests.csproj", "{C39B8E60-64C0-40D9-A7E3-F57056874CBB}"
EndProject
Global
	GlobalSection(SolutionConfigurationPlatforms) = preSolution
		Debug|Any CPU = Debug|Any CPU
		Release|Any CPU = Release|Any CPU
	EndGlobalSection
	GlobalSection(ProjectConfigurationPlatforms) = postSolution
		{3B188348-0937-455D-9F2F-5D8B247CA37A}.Debug|Any CPU.ActiveCfg = Debug|Any CPU
		{3B188348-0937-455D-9F2F-5D8B247CA37A}.Debug|Any CPU.Build.0 = Debug|Any CPU
		{3B188348-0937-455D-9F2F-5D8B247CA37A}.Release|Any CPU.ActiveCfg = Release|Any CPU
		{3B188348-0937-455D-9F2F-5D8B247CA37A}.Release|Any CPU.Build.0 = Release|Any CPU
		{F908095F-C8EE-44BE-9B3B-DEB24B0183C7}.Debug|Any CPU.ActiveCfg = Debug|Any CPU
		{F908095F-C8EE-44BE-9B3B-DEB24B0183C7}.Debug|Any CPU.Build.0 = Debug|Any CPU
		{F908095F-C8EE-44BE-9B3B-DEB24B0183C7}.Release|Any CPU.ActiveCfg = Release|Any CPU
		{F908095F-C8EE-44BE-9B3B-DEB24B0183C7}.Release|Any CPU.Build.0 = Release|Any CPU
		{7AA4FFA2-E90C-4267-A261-0F51B18A1DF4}.Debug|Any CPU.ActiveCfg = Debug|Any CPU
		{7AA4FFA2-E90C-4267-A261-0F51B18A1DF4}.Debug|Any CPU.Build.0 = Debug|Any CPU
		{7AA4FFA2-E90C-4267-A261-0F51B18A1DF4}.Release|Any CPU.ActiveCfg = Release|Any CPU
		{7AA4FFA2-E90C-4267-A261-0F51B18A1DF4}.Release|Any CPU.Build.0 = Release|Any CPU
		{B9EB15F0-AC42-45B2-A633-10B895833A78}.Debug|Any CPU.ActiveCfg = Debug|Any CPU
		{B9EB15F0-AC42-45B2-A633-10B895833A78}.Debug|Any CPU.Build.0 = Debug|Any CPU
		{B9EB15F0-AC42-45B2-A633-10B895833A78}.Release|Any CPU.ActiveCfg = Release|Any CPU
		{B9EB15F0-AC42-45B2-A633-10B895833A78}.Release|Any CPU.Build.0 = Release|Any CPU
		{A1755AC6-565D-47F0-9F88-219DE9ECF715}.Debug|Any CPU.ActiveCfg = Debug|Any CPU
		{A1755AC6-565D-47F0-9F88-219DE9ECF715}.Debug|Any CPU.Build.0 = Debug|Any CPU
		{A1755AC6-565D-47F0-9F88-219DE9ECF715}.Release|Any CPU.ActiveCfg = Release|Any CPU
		{A1755AC6-565D-47F0-9F88-219DE9ECF715}.Release|Any CPU.Build.0 = Release|Any CPU
		{30C48DE8-3A89-4A7A-A093-CFCE996B1656}.Debug|Any CPU.ActiveCfg = Debug|Any CPU
		{30C48DE8-3A89-4A7A-A093-CFCE996B1656}.Debug|Any CPU.Build.0 = Debug|Any CPU
		{30C48DE8-3A89-4A7A-A093-CFCE996B1656}.Release|Any CPU.ActiveCfg = Release|Any CPU
		{30C48DE8-3A89-4A7A-A093-CFCE996B1656}.Release|Any CPU.Build.0 = Release|Any CPU
		{F258E447-578E-4A9D-9767-8334A5128FEC}.Debug|Any CPU.ActiveCfg = Debug|Any CPU
		{F258E447-578E-4A9D-9767-8334A5128FEC}.Debug|Any CPU.Build.0 = Debug|Any CPU
		{F258E447-578E-4A9D-9767-8334A5128FEC}.Release|Any CPU.ActiveCfg = Release|Any CPU
		{F258E447-578E-4A9D-9767-8334A5128FEC}.Release|Any CPU.Build.0 = Release|Any CPU
		{59E0CCF4-00E5-40BD-8AEC-DA6DF15F8A87}.Debug|Any CPU.ActiveCfg = Debug|Any CPU
		{59E0CCF4-00E5-40BD-8AEC-DA6DF15F8A87}.Debug|Any CPU.Build.0 = Debug|Any CPU
		{59E0CCF4-00E5-40BD-8AEC-DA6DF15F8A87}.Release|Any CPU.ActiveCfg = Release|Any CPU
		{59E0CCF4-00E5-40BD-8AEC-DA6DF15F8A87}.Release|Any CPU.Build.0 = Release|Any CPU
		{EE095FDB-32EA-48AA-93F1-74552974ABF6}.Debug|Any CPU.ActiveCfg = Debug|Any CPU
		{EE095FDB-32EA-48AA-93F1-74552974ABF6}.Debug|Any CPU.Build.0 = Debug|Any CPU
		{EE095FDB-32EA-48AA-93F1-74552974ABF6}.Release|Any CPU.ActiveCfg = Release|Any CPU
		{EE095FDB-32EA-48AA-93F1-74552974ABF6}.Release|Any CPU.Build.0 = Release|Any CPU
		{E4AE1EB0-88D3-4CED-9913-58263554323E}.Debug|Any CPU.ActiveCfg = Debug|Any CPU
		{E4AE1EB0-88D3-4CED-9913-58263554323E}.Debug|Any CPU.Build.0 = Debug|Any CPU
		{E4AE1EB0-88D3-4CED-9913-58263554323E}.Release|Any CPU.ActiveCfg = Release|Any CPU
		{E4AE1EB0-88D3-4CED-9913-58263554323E}.Release|Any CPU.Build.0 = Release|Any CPU
		{0C2A2425-4DEE-4224-819A-BD840C9FC3FF}.Debug|Any CPU.ActiveCfg = Debug|Any CPU
		{0C2A2425-4DEE-4224-819A-BD840C9FC3FF}.Debug|Any CPU.Build.0 = Debug|Any CPU
		{0C2A2425-4DEE-4224-819A-BD840C9FC3FF}.Release|Any CPU.ActiveCfg = Release|Any CPU
		{0C2A2425-4DEE-4224-819A-BD840C9FC3FF}.Release|Any CPU.Build.0 = Release|Any CPU
		{E97469A3-E757-4A25-8AE8-5DD9D7CAABDE}.Debug|Any CPU.ActiveCfg = Debug|Any CPU
		{E97469A3-E757-4A25-8AE8-5DD9D7CAABDE}.Debug|Any CPU.Build.0 = Debug|Any CPU
		{E97469A3-E757-4A25-8AE8-5DD9D7CAABDE}.Release|Any CPU.ActiveCfg = Release|Any CPU
		{E97469A3-E757-4A25-8AE8-5DD9D7CAABDE}.Release|Any CPU.Build.0 = Release|Any CPU
		{67BB76DA-386C-43ED-A09B-A9E40B1AD9BB}.Debug|Any CPU.ActiveCfg = Debug|Any CPU
		{67BB76DA-386C-43ED-A09B-A9E40B1AD9BB}.Debug|Any CPU.Build.0 = Debug|Any CPU
		{67BB76DA-386C-43ED-A09B-A9E40B1AD9BB}.Release|Any CPU.ActiveCfg = Release|Any CPU
		{67BB76DA-386C-43ED-A09B-A9E40B1AD9BB}.Release|Any CPU.Build.0 = Release|Any CPU
		{E680700E-3AE1-4ED8-B0D4-FC8716E5492C}.Debug|Any CPU.ActiveCfg = Debug|Any CPU
		{E680700E-3AE1-4ED8-B0D4-FC8716E5492C}.Debug|Any CPU.Build.0 = Debug|Any CPU
		{E680700E-3AE1-4ED8-B0D4-FC8716E5492C}.Release|Any CPU.ActiveCfg = Release|Any CPU
		{E680700E-3AE1-4ED8-B0D4-FC8716E5492C}.Release|Any CPU.Build.0 = Release|Any CPU
		{3DF81908-73AA-41BC-98B4-AA216BC7E31E}.Debug|Any CPU.ActiveCfg = Debug|Any CPU
		{3DF81908-73AA-41BC-98B4-AA216BC7E31E}.Debug|Any CPU.Build.0 = Debug|Any CPU
		{3DF81908-73AA-41BC-98B4-AA216BC7E31E}.Release|Any CPU.ActiveCfg = Release|Any CPU
		{3DF81908-73AA-41BC-98B4-AA216BC7E31E}.Release|Any CPU.Build.0 = Release|Any CPU
		{2BB1A0CB-48B9-48D9-819A-D5550BA702C4}.Debug|Any CPU.ActiveCfg = Debug|Any CPU
		{2BB1A0CB-48B9-48D9-819A-D5550BA702C4}.Debug|Any CPU.Build.0 = Debug|Any CPU
		{2BB1A0CB-48B9-48D9-819A-D5550BA702C4}.Release|Any CPU.ActiveCfg = Release|Any CPU
		{2BB1A0CB-48B9-48D9-819A-D5550BA702C4}.Release|Any CPU.Build.0 = Release|Any CPU
		{5C227705-E989-417D-813D-B48BA77723AD}.Debug|Any CPU.ActiveCfg = Debug|Any CPU
		{5C227705-E989-417D-813D-B48BA77723AD}.Debug|Any CPU.Build.0 = Debug|Any CPU
		{5C227705-E989-417D-813D-B48BA77723AD}.Release|Any CPU.ActiveCfg = Release|Any CPU
		{5C227705-E989-417D-813D-B48BA77723AD}.Release|Any CPU.Build.0 = Release|Any CPU
		{1F4D8AE7-00A5-4588-BFB3-31E81575D6AC}.Debug|Any CPU.ActiveCfg = Debug|Any CPU
		{1F4D8AE7-00A5-4588-BFB3-31E81575D6AC}.Debug|Any CPU.Build.0 = Debug|Any CPU
		{1F4D8AE7-00A5-4588-BFB3-31E81575D6AC}.Release|Any CPU.ActiveCfg = Release|Any CPU
		{1F4D8AE7-00A5-4588-BFB3-31E81575D6AC}.Release|Any CPU.Build.0 = Release|Any CPU
		{FE9E9A6F-E176-4082-B02D-4E08D9234E0F}.Debug|Any CPU.ActiveCfg = Debug|Any CPU
		{FE9E9A6F-E176-4082-B02D-4E08D9234E0F}.Debug|Any CPU.Build.0 = Debug|Any CPU
		{FE9E9A6F-E176-4082-B02D-4E08D9234E0F}.Release|Any CPU.ActiveCfg = Release|Any CPU
		{FE9E9A6F-E176-4082-B02D-4E08D9234E0F}.Release|Any CPU.Build.0 = Release|Any CPU
		{398F0C06-2CDE-4C6F-8A98-16FB089065B2}.Debug|Any CPU.ActiveCfg = Debug|Any CPU
		{398F0C06-2CDE-4C6F-8A98-16FB089065B2}.Debug|Any CPU.Build.0 = Debug|Any CPU
		{398F0C06-2CDE-4C6F-8A98-16FB089065B2}.Release|Any CPU.ActiveCfg = Release|Any CPU
		{398F0C06-2CDE-4C6F-8A98-16FB089065B2}.Release|Any CPU.Build.0 = Release|Any CPU
		{BBDE0D09-A36F-4669-B130-9D2868FAC7C4}.Debug|Any CPU.ActiveCfg = Debug|Any CPU
		{BBDE0D09-A36F-4669-B130-9D2868FAC7C4}.Debug|Any CPU.Build.0 = Debug|Any CPU
		{BBDE0D09-A36F-4669-B130-9D2868FAC7C4}.Release|Any CPU.ActiveCfg = Release|Any CPU
		{BBDE0D09-A36F-4669-B130-9D2868FAC7C4}.Release|Any CPU.Build.0 = Release|Any CPU
		{AAC6B4AF-0EFF-48D8-A0FE-5813399C618B}.Debug|Any CPU.ActiveCfg = Debug|Any CPU
		{AAC6B4AF-0EFF-48D8-A0FE-5813399C618B}.Debug|Any CPU.Build.0 = Debug|Any CPU
		{AAC6B4AF-0EFF-48D8-A0FE-5813399C618B}.Release|Any CPU.ActiveCfg = Release|Any CPU
		{AAC6B4AF-0EFF-48D8-A0FE-5813399C618B}.Release|Any CPU.Build.0 = Release|Any CPU
		{44D94AB2-0201-4E9F-9745-6B194C5EFCC1}.Debug|Any CPU.ActiveCfg = Debug|Any CPU
		{44D94AB2-0201-4E9F-9745-6B194C5EFCC1}.Debug|Any CPU.Build.0 = Debug|Any CPU
		{44D94AB2-0201-4E9F-9745-6B194C5EFCC1}.Release|Any CPU.ActiveCfg = Release|Any CPU
		{44D94AB2-0201-4E9F-9745-6B194C5EFCC1}.Release|Any CPU.Build.0 = Release|Any CPU
		{F84FDCBA-1F41-4563-AD46-32C2DE1834CD}.Debug|Any CPU.ActiveCfg = Debug|Any CPU
		{F84FDCBA-1F41-4563-AD46-32C2DE1834CD}.Debug|Any CPU.Build.0 = Debug|Any CPU
		{F84FDCBA-1F41-4563-AD46-32C2DE1834CD}.Release|Any CPU.ActiveCfg = Release|Any CPU
		{F84FDCBA-1F41-4563-AD46-32C2DE1834CD}.Release|Any CPU.Build.0 = Release|Any CPU
		{F8D73940-4865-4FDA-A150-03CEF3E616B5}.Debug|Any CPU.ActiveCfg = Debug|Any CPU
		{F8D73940-4865-4FDA-A150-03CEF3E616B5}.Debug|Any CPU.Build.0 = Debug|Any CPU
		{F8D73940-4865-4FDA-A150-03CEF3E616B5}.Release|Any CPU.ActiveCfg = Release|Any CPU
		{F8D73940-4865-4FDA-A150-03CEF3E616B5}.Release|Any CPU.Build.0 = Release|Any CPU
		{928CBE05-D59A-4C50-8414-707E0F016E00}.Debug|Any CPU.ActiveCfg = Debug|Any CPU
		{928CBE05-D59A-4C50-8414-707E0F016E00}.Debug|Any CPU.Build.0 = Debug|Any CPU
		{928CBE05-D59A-4C50-8414-707E0F016E00}.Release|Any CPU.ActiveCfg = Release|Any CPU
		{928CBE05-D59A-4C50-8414-707E0F016E00}.Release|Any CPU.Build.0 = Release|Any CPU
		{5D48C241-07C0-45B1-81F2-6875AE6D35DA}.Debug|Any CPU.ActiveCfg = Debug|Any CPU
		{5D48C241-07C0-45B1-81F2-6875AE6D35DA}.Debug|Any CPU.Build.0 = Debug|Any CPU
		{5D48C241-07C0-45B1-81F2-6875AE6D35DA}.Release|Any CPU.ActiveCfg = Release|Any CPU
		{5D48C241-07C0-45B1-81F2-6875AE6D35DA}.Release|Any CPU.Build.0 = Release|Any CPU
		{C39B8E60-64C0-40D9-A7E3-F57056874CBB}.Debug|Any CPU.ActiveCfg = Debug|Any CPU
		{C39B8E60-64C0-40D9-A7E3-F57056874CBB}.Debug|Any CPU.Build.0 = Debug|Any CPU
		{C39B8E60-64C0-40D9-A7E3-F57056874CBB}.Release|Any CPU.ActiveCfg = Release|Any CPU
		{C39B8E60-64C0-40D9-A7E3-F57056874CBB}.Release|Any CPU.Build.0 = Release|Any CPU
	EndGlobalSection
	GlobalSection(SolutionProperties) = preSolution
		HideSolutionNode = FALSE
	EndGlobalSection
	GlobalSection(NestedProjects) = preSolution
		{3B188348-0937-455D-9F2F-5D8B247CA37A} = {353DD2DE-91A6-41C5-AF77-A08576821CD3}
		{F908095F-C8EE-44BE-9B3B-DEB24B0183C7} = {353DD2DE-91A6-41C5-AF77-A08576821CD3}
		{7AA4FFA2-E90C-4267-A261-0F51B18A1DF4} = {353DD2DE-91A6-41C5-AF77-A08576821CD3}
		{B9EB15F0-AC42-45B2-A633-10B895833A78} = {353DD2DE-91A6-41C5-AF77-A08576821CD3}
		{A1755AC6-565D-47F0-9F88-219DE9ECF715} = {353DD2DE-91A6-41C5-AF77-A08576821CD3}
		{30C48DE8-3A89-4A7A-A093-CFCE996B1656} = {353DD2DE-91A6-41C5-AF77-A08576821CD3}
		{F258E447-578E-4A9D-9767-8334A5128FEC} = {353DD2DE-91A6-41C5-AF77-A08576821CD3}
		{EE095FDB-32EA-48AA-93F1-74552974ABF6} = {353DD2DE-91A6-41C5-AF77-A08576821CD3}
		{E4AE1EB0-88D3-4CED-9913-58263554323E} = {353DD2DE-91A6-41C5-AF77-A08576821CD3}
		{0C2A2425-4DEE-4224-819A-BD840C9FC3FF} = {9123416A-7858-408D-8A46-A091ED2EFADB}
		{E97469A3-E757-4A25-8AE8-5DD9D7CAABDE} = {9123416A-7858-408D-8A46-A091ED2EFADB}
		{67BB76DA-386C-43ED-A09B-A9E40B1AD9BB} = {9123416A-7858-408D-8A46-A091ED2EFADB}
		{E680700E-3AE1-4ED8-B0D4-FC8716E5492C} = {9123416A-7858-408D-8A46-A091ED2EFADB}
		{3DF81908-73AA-41BC-98B4-AA216BC7E31E} = {9123416A-7858-408D-8A46-A091ED2EFADB}
		{2BB1A0CB-48B9-48D9-819A-D5550BA702C4} = {9123416A-7858-408D-8A46-A091ED2EFADB}
		{5C227705-E989-417D-813D-B48BA77723AD} = {9123416A-7858-408D-8A46-A091ED2EFADB}
		{1F4D8AE7-00A5-4588-BFB3-31E81575D6AC} = {9123416A-7858-408D-8A46-A091ED2EFADB}
		{FE9E9A6F-E176-4082-B02D-4E08D9234E0F} = {9123416A-7858-408D-8A46-A091ED2EFADB}
		{398F0C06-2CDE-4C6F-8A98-16FB089065B2} = {9123416A-7858-408D-8A46-A091ED2EFADB}
		{BBDE0D09-A36F-4669-B130-9D2868FAC7C4} = {9123416A-7858-408D-8A46-A091ED2EFADB}
		{AAC6B4AF-0EFF-48D8-A0FE-5813399C618B} = {9123416A-7858-408D-8A46-A091ED2EFADB}
		{44D94AB2-0201-4E9F-9745-6B194C5EFCC1} = {9123416A-7858-408D-8A46-A091ED2EFADB}
		{F84FDCBA-1F41-4563-AD46-32C2DE1834CD} = {9123416A-7858-408D-8A46-A091ED2EFADB}
		{F8D73940-4865-4FDA-A150-03CEF3E616B5} = {9123416A-7858-408D-8A46-A091ED2EFADB}
		{928CBE05-D59A-4C50-8414-707E0F016E00} = {353DD2DE-91A6-41C5-AF77-A08576821CD3}
		{5D48C241-07C0-45B1-81F2-6875AE6D35DA} = {9123416A-7858-408D-8A46-A091ED2EFADB}
		{C39B8E60-64C0-40D9-A7E3-F57056874CBB} = {353DD2DE-91A6-41C5-AF77-A08576821CD3}
	EndGlobalSection
	GlobalSection(ExtensibilityGlobals) = postSolution
		SolutionGuid = {16B56D3A-5F32-4B2D-95E2-91EFCA9AD310}
	EndGlobalSection
EndGlobal
